
Microsoft Visual Studio Solution File, Format Version 12.00
# Visual Studio Version 17
VisualStudioVersion = 17.12.35527.113
MinimumVisualStudioVersion = 10.0.40219.1
Project("{FAE04EC0-301F-11D3-BF4B-00C04F79EFBC}") = "Osborne.Robotics", "Osborne.Robotics.csproj", "{7973F287-8654-4A2C-9046-2E7241A5E0B2}"
EndProject
Project("{FAE04EC0-301F-11D3-BF4B-00C04F79EFBC}") = "Osborne.Robotics.Services", "..\Osborne.Robotics.Services\Osborne.Robotics.Services.csproj", "{B7AAAADF-FDE2-4CA1-8621-4F9FF115C3FC}"
EndProject
Project("{FAE04EC0-301F-11D3-BF4B-00C04F79EFBC}") = "Osborne.Robotics.Model", "..\Osborne.Robotics.Model\Osborne.Robotics.Model.csproj", "{635615DF-F75F-43C2-8A59-795A55C63600}"
EndProject
Global
	GlobalSection(SolutionConfigurationPlatforms) = preSolution
		Debug|Any CPU = Debug|Any CPU
		Release|Any CPU = Release|Any CPU
	EndGlobalSection
	GlobalSection(ProjectConfigurationPlatforms) = postSolution
		{7973F287-8654-4A2C-9046-2E7241A5E0B2}.Debug|Any CPU.ActiveCfg = Debug|Any CPU
		{7973F287-8654-4A2C-9046-2E7241A5E0B2}.Debug|Any CPU.Build.0 = Debug|Any CPU
		{7973F287-8654-4A2C-9046-2E7241A5E0B2}.Release|Any CPU.ActiveCfg = Release|Any CPU
		{7973F287-8654-4A2C-9046-2E7241A5E0B2}.Release|Any CPU.Build.0 = Release|Any CPU
		{B7AAAADF-FDE2-4CA1-8621-4F9FF115C3FC}.Debug|Any CPU.ActiveCfg = Debug|Any CPU
		{B7AAAADF-FDE2-4CA1-8621-4F9FF115C3FC}.Debug|Any CPU.Build.0 = Debug|Any CPU
		{B7AAAADF-FDE2-4CA1-8621-4F9FF115C3FC}.Release|Any CPU.ActiveCfg = Release|Any CPU
		{B7AAAADF-FDE2-4CA1-8621-4F9FF115C3FC}.Release|Any CPU.Build.0 = Release|Any CPU
		{635615DF-F75F-43C2-8A59-795A55C63600}.Debug|Any CPU.ActiveCfg = Debug|Any CPU
		{635615DF-F75F-43C2-8A59-795A55C63600}.Debug|Any CPU.Build.0 = Debug|Any CPU
		{635615DF-F75F-43C2-8A59-795A55C63600}.Release|Any CPU.ActiveCfg = Release|Any CPU
		{635615DF-F75F-43C2-8A59-795A55C63600}.Release|Any CPU.Build.0 = Release|Any CPU
	EndGlobalSection
	GlobalSection(SolutionProperties) = preSolution
		HideSolutionNode = FALSE
	EndGlobalSection
EndGlobal
