
Microsoft Visual Studio Solution File, Format Version 12.00
# Visual Studio Version 17
VisualStudioVersion = 17.11.35327.3
MinimumVisualStudioVersion = 10.0.40219.1
Project("{9A19103F-16F7-4668-BE54-9A1E7A4F7556}") = "FilmWatchlist", "FilmWatchlist.csproj", "{4C2DBC01-9723-4A07-A71F-97729E6807D7}"
EndProject
Global
	GlobalSection(SolutionConfigurationPlatforms) = preSolution
		Debug|Any CPU = Debug|Any CPU
		Release|Any CPU = Release|Any CPU
	EndGlobalSection
	GlobalSection(ProjectConfigurationPlatforms) = postSolution
		{4C2DBC01-9723-4A07-A71F-97729E6807D7}.Debug|Any CPU.ActiveCfg = Debug|Any CPU
		{4C2DBC01-9723-4A07-A71F-97729E6807D7}.Debug|Any CPU.Build.0 = Debug|Any CPU
		{4C2DBC01-9723-4A07-A71F-97729E6807D7}.Release|Any CPU.ActiveCfg = Release|Any CPU
		{4C2DBC01-9723-4A07-A71F-97729E6807D7}.Release|Any CPU.Build.0 = Release|Any CPU
	EndGlobalSection
	GlobalSection(SolutionProperties) = preSolution
		HideSolutionNode = FALSE
	EndGlobalSection
	GlobalSection(ExtensibilityGlobals) = postSolution
		SolutionGuid = {692C9BEB-0ABD-4425-9678-39FACBFB563C}
	EndGlobalSection
EndGlobal
