
Microsoft Visual Studio Solution File, Format Version 12.00
# Visual Studio Version 17
VisualStudioVersion = 17.3.32901.215
MinimumVisualStudioVersion = 10.0.40219.1
Project("{FAE04EC0-301F-11D3-BF4B-00C04F79EFBC}") = "Rankings.API", "Rankings.API.csproj", "{53C7ED4E-F871-4668-9EE5-341D6D96867D}"
EndProject
Global
	GlobalSection(SolutionConfigurationPlatforms) = preSolution
		Debug|Any CPU = Debug|Any CPU
		Release|Any CPU = Release|Any CPU
	EndGlobalSection
	GlobalSection(ProjectConfigurationPlatforms) = postSolution
		{53C7ED4E-F871-4668-9EE5-341D6D96867D}.Debug|Any CPU.ActiveCfg = Debug|Any CPU
		{53C7ED4E-F871-4668-9EE5-341D6D96867D}.Debug|Any CPU.Build.0 = Debug|Any CPU
		{53C7ED4E-F871-4668-9EE5-341D6D96867D}.Release|Any CPU.ActiveCfg = Release|Any CPU
		{53C7ED4E-F871-4668-9EE5-341D6D96867D}.Release|Any CPU.Build.0 = Release|Any CPU
	EndGlobalSection
	GlobalSection(SolutionProperties) = preSolution
		HideSolutionNode = FALSE
	EndGlobalSection
	GlobalSection(ExtensibilityGlobals) = postSolution
		SolutionGuid = {EA027807-4787-41F5-9703-CC9EEAA29588}
	EndGlobalSection
EndGlobal
