
Microsoft Visual Studio Solution File, Format Version 12.00
# Visual Studio Version 17
VisualStudioVersion = 17.11.35312.102
MinimumVisualStudioVersion = 10.0.40219.1
Project("{FAE04EC0-301F-11D3-BF4B-00C04F79EFBC}") = "CSharpLanguage", "CSharpLanguage\CSharpLanguage.csproj", "{8F2B8B57-ED65-4FC5-95A6-10056B58E2EC}"
EndProject
Project("{FAE04EC0-301F-11D3-BF4B-00C04F79EFBC}") = "MinimalAPI", "MinimalAPI\MinimalAPI.csproj", "{BA084279-CB86-4A1F-82BD-CEE11E317EB7}"
EndProject
Global
	GlobalSection(SolutionConfigurationPlatforms) = preSolution
		Debug|Any CPU = Debug|Any CPU
		Release|Any CPU = Release|Any CPU
	EndGlobalSection
	GlobalSection(ProjectConfigurationPlatforms) = postSolution
		{8F2B8B57-ED65-4FC5-95A6-10056B58E2EC}.Debug|Any CPU.ActiveCfg = Debug|Any CPU
		{8F2B8B57-ED65-4FC5-95A6-10056B58E2EC}.Debug|Any CPU.Build.0 = Debug|Any CPU
		{8F2B8B57-ED65-4FC5-95A6-10056B58E2EC}.Release|Any CPU.ActiveCfg = Release|Any CPU
		{8F2B8B57-ED65-4FC5-95A6-10056B58E2EC}.Release|Any CPU.Build.0 = Release|Any CPU
		{BA084279-CB86-4A1F-82BD-CEE11E317EB7}.Debug|Any CPU.ActiveCfg = Debug|Any CPU
		{BA084279-CB86-4A1F-82BD-CEE11E317EB7}.Debug|Any CPU.Build.0 = Debug|Any CPU
		{BA084279-CB86-4A1F-82BD-CEE11E317EB7}.Release|Any CPU.ActiveCfg = Release|Any CPU
		{BA084279-CB86-4A1F-82BD-CEE11E317EB7}.Release|Any CPU.Build.0 = Release|Any CPU
	EndGlobalSection
	GlobalSection(SolutionProperties) = preSolution
		HideSolutionNode = FALSE
	EndGlobalSection
	GlobalSection(ExtensibilityGlobals) = postSolution
		SolutionGuid = {5930C06E-6B7A-4697-A95C-8F7FB64DBE7A}
	EndGlobalSection
EndGlobal
