
Microsoft Visual Studio Solution File, Format Version 12.00
Project("{2150E333-8FDC-42A3-9474-1A3956D46DE8}") = "1", "1", "{B4858583-7680-4AEC-95FA-658014E4AE4A}"
EndProject
Project("{2150E333-8FDC-42A3-9474-1A3956D46DE8}") = "3", "3", "{7AD20627-43EE-4322-B334-169081B12164}"
EndProject
Project("{2150E333-8FDC-42A3-9474-1A3956D46DE8}") = "2", "2", "{2EFC8B50-4B96-4195-BC29-C06859BE3B0F}"
EndProject
Project("{2150E333-8FDC-42A3-9474-1A3956D46DE8}") = "4", "4", "{07B29A48-8EFE-4E99-BDAD-2092A4444187}"
EndProject
Project("{2150E333-8FDC-42A3-9474-1A3956D46DE8}") = "5", "5", "{BD3D1585-2C7B-46EF-9F15-39EC3F188861}"
EndProject
Project("{FAE04EC0-301F-11D3-BF4B-00C04F79EFBC}") = "FeatureSwitching", "FeatureSwitching\FeatureSwitching.csproj", "{E41D6AE3-5467-4F41-A703-17BD121C9B65}"
EndProject
Project("{FAE04EC0-301F-11D3-BF4B-00C04F79EFBC}") = "SpansPlansDance", "SpansPlansDance\SpansPlansDance.csproj", "{97344987-6BF3-4F8B-96A0-FD5A9AD2EA7E}"
EndProject
Project("{FAE04EC0-301F-11D3-BF4B-00C04F79EFBC}") = "LinqStuff", "LinqStuff\LinqStuff.csproj", "{C431969D-D175-44E9-BF6F-1D530057C91E}"
EndProject
Project("{FAE04EC0-301F-11D3-BF4B-00C04F79EFBC}") = "CachingExample", "CachingExample\CachingExample.csproj", "{D608732B-2EE5-4645-9345-EE39A69D5683}"
EndProject
Project("{FAE04EC0-301F-11D3-BF4B-00C04F79EFBC}") = "Dotnet9.Api", "Dotnet9.Api\Dotnet9.Api.csproj", "{DEBDAC47-DF13-4A0C-BD13-415AB7C228D4}"
EndProject
Project("{FAE04EC0-301F-11D3-BF4B-00C04F79EFBC}") = "Dotnet8.Api", "Dotnet8.Api\Dotnet8.Api.csproj", "{D5FCAE8D-4D00-4068-8EDD-56750AD7E82B}"
EndProject
Project("{FAE04EC0-301F-11D3-BF4B-00C04F79EFBC}") = "JsonStuff", "JsonStuff\JsonStuff.csproj", "{DB936D2D-8844-4DDF-995F-492B48AE2C16}"
EndProject
Global
	GlobalSection(SolutionConfigurationPlatforms) = preSolution
		Debug|Any CPU = Debug|Any CPU
		Release|Any CPU = Release|Any CPU
	EndGlobalSection
	GlobalSection(NestedProjects) = preSolution
		{E41D6AE3-5467-4F41-A703-17BD121C9B65} = {B4858583-7680-4AEC-95FA-658014E4AE4A}
		{97344987-6BF3-4F8B-96A0-FD5A9AD2EA7E} = {7AD20627-43EE-4322-B334-169081B12164}
		{C431969D-D175-44E9-BF6F-1D530057C91E} = {2EFC8B50-4B96-4195-BC29-C06859BE3B0F}
		{D608732B-2EE5-4645-9345-EE39A69D5683} = {07B29A48-8EFE-4E99-BDAD-2092A4444187}
		{DEBDAC47-DF13-4A0C-BD13-415AB7C228D4} = {BD3D1585-2C7B-46EF-9F15-39EC3F188861}
		{D5FCAE8D-4D00-4068-8EDD-56750AD7E82B} = {BD3D1585-2C7B-46EF-9F15-39EC3F188861}
		{DB936D2D-8844-4DDF-995F-492B48AE2C16} = {BD3D1585-2C7B-46EF-9F15-39EC3F188861}
	EndGlobalSection
	GlobalSection(ProjectConfigurationPlatforms) = postSolution
		{E41D6AE3-5467-4F41-A703-17BD121C9B65}.Debug|Any CPU.ActiveCfg = Debug|Any CPU
		{E41D6AE3-5467-4F41-A703-17BD121C9B65}.Debug|Any CPU.Build.0 = Debug|Any CPU
		{E41D6AE3-5467-4F41-A703-17BD121C9B65}.Release|Any CPU.ActiveCfg = Release|Any CPU
		{E41D6AE3-5467-4F41-A703-17BD121C9B65}.Release|Any CPU.Build.0 = Release|Any CPU
		{97344987-6BF3-4F8B-96A0-FD5A9AD2EA7E}.Debug|Any CPU.ActiveCfg = Debug|Any CPU
		{97344987-6BF3-4F8B-96A0-FD5A9AD2EA7E}.Debug|Any CPU.Build.0 = Debug|Any CPU
		{97344987-6BF3-4F8B-96A0-FD5A9AD2EA7E}.Release|Any CPU.ActiveCfg = Release|Any CPU
		{97344987-6BF3-4F8B-96A0-FD5A9AD2EA7E}.Release|Any CPU.Build.0 = Release|Any CPU
		{C431969D-D175-44E9-BF6F-1D530057C91E}.Debug|Any CPU.ActiveCfg = Debug|Any CPU
		{C431969D-D175-44E9-BF6F-1D530057C91E}.Debug|Any CPU.Build.0 = Debug|Any CPU
		{C431969D-D175-44E9-BF6F-1D530057C91E}.Release|Any CPU.ActiveCfg = Release|Any CPU
		{C431969D-D175-44E9-BF6F-1D530057C91E}.Release|Any CPU.Build.0 = Release|Any CPU
		{D608732B-2EE5-4645-9345-EE39A69D5683}.Debug|Any CPU.ActiveCfg = Debug|Any CPU
		{D608732B-2EE5-4645-9345-EE39A69D5683}.Debug|Any CPU.Build.0 = Debug|Any CPU
		{D608732B-2EE5-4645-9345-EE39A69D5683}.Release|Any CPU.ActiveCfg = Release|Any CPU
		{D608732B-2EE5-4645-9345-EE39A69D5683}.Release|Any CPU.Build.0 = Release|Any CPU
		{DEBDAC47-DF13-4A0C-BD13-415AB7C228D4}.Debug|Any CPU.ActiveCfg = Debug|Any CPU
		{DEBDAC47-DF13-4A0C-BD13-415AB7C228D4}.Debug|Any CPU.Build.0 = Debug|Any CPU
		{DEBDAC47-DF13-4A0C-BD13-415AB7C228D4}.Release|Any CPU.ActiveCfg = Release|Any CPU
		{DEBDAC47-DF13-4A0C-BD13-415AB7C228D4}.Release|Any CPU.Build.0 = Release|Any CPU
		{D5FCAE8D-4D00-4068-8EDD-56750AD7E82B}.Debug|Any CPU.ActiveCfg = Debug|Any CPU
		{D5FCAE8D-4D00-4068-8EDD-56750AD7E82B}.Debug|Any CPU.Build.0 = Debug|Any CPU
		{D5FCAE8D-4D00-4068-8EDD-56750AD7E82B}.Release|Any CPU.ActiveCfg = Release|Any CPU
		{D5FCAE8D-4D00-4068-8EDD-56750AD7E82B}.Release|Any CPU.Build.0 = Release|Any CPU
		{DB936D2D-8844-4DDF-995F-492B48AE2C16}.Debug|Any CPU.ActiveCfg = Debug|Any CPU
		{DB936D2D-8844-4DDF-995F-492B48AE2C16}.Debug|Any CPU.Build.0 = Debug|Any CPU
		{DB936D2D-8844-4DDF-995F-492B48AE2C16}.Release|Any CPU.ActiveCfg = Release|Any CPU
		{DB936D2D-8844-4DDF-995F-492B48AE2C16}.Release|Any CPU.Build.0 = Release|Any CPU
	EndGlobalSection
EndGlobal
