
Microsoft Visual Studio Solution File, Format Version 12.00
# Visual Studio Version 17
VisualStudioVersion = 17.3.32901.215
MinimumVisualStudioVersion = 10.0.40219.1
Project("{FAE04EC0-301F-11D3-BF4B-00C04F79EFBC}") = "Rankings.Ro", "Rankings.Ro.csproj", "{53B52B5B-F632-4349-9758-DD943AA375FB}"
EndProject
Global
	GlobalSection(SolutionConfigurationPlatforms) = preSolution
		Debug|Any CPU = Debug|Any CPU
		Release|Any CPU = Release|Any CPU
	EndGlobalSection
	GlobalSection(ProjectConfigurationPlatforms) = postSolution
		{53B52B5B-F632-4349-9758-DD943AA375FB}.Debug|Any CPU.ActiveCfg = Debug|Any CPU
		{53B52B5B-F632-4349-9758-DD943AA375FB}.Debug|Any CPU.Build.0 = Debug|Any CPU
		{53B52B5B-F632-4349-9758-DD943AA375FB}.Release|Any CPU.ActiveCfg = Release|Any CPU
		{53B52B5B-F632-4349-9758-DD943AA375FB}.Release|Any CPU.Build.0 = Release|Any CPU
	EndGlobalSection
	GlobalSection(SolutionProperties) = preSolution
		HideSolutionNode = FALSE
	EndGlobalSection
	GlobalSection(ExtensibilityGlobals) = postSolution
		SolutionGuid = {2E76CDA0-1B27-455C-805A-2CBC94335B22}
	EndGlobalSection
EndGlobal
